
Microsoft Visual Studio Solution File, Format Version 12.00
# Visual Studio Version 16
VisualStudioVersion = 16.0.32510.428
MinimumVisualStudioVersion = 10.0.40219.1
Project("{FAE04EC0-301F-11D3-BF4B-00C04F79EFBC}") = "RockPaperScissors", "RockPaperScissors.csproj", "{1099778A-F2A2-4B07-9BDC-06FB9DF57C34}"
EndProject
Global
	GlobalSection(SolutionConfigurationPlatforms) = preSolution
		Debug|Any CPU = Debug|Any CPU
		Release|Any CPU = Release|Any CPU
	EndGlobalSection
	GlobalSection(ProjectConfigurationPlatforms) = postSolution
		{1099778A-F2A2-4B07-9BDC-06FB9DF57C34}.Debug|Any CPU.ActiveCfg = Debug|Any CPU
		{1099778A-F2A2-4B07-9BDC-06FB9DF57C34}.Debug|Any CPU.Build.0 = Debug|Any CPU
		{1099778A-F2A2-4B07-9BDC-06FB9DF57C34}.Release|Any CPU.ActiveCfg = Release|Any CPU
		{1099778A-F2A2-4B07-9BDC-06FB9DF57C34}.Release|Any CPU.Build.0 = Release|Any CPU
	EndGlobalSection
	GlobalSection(SolutionProperties) = preSolution
		HideSolutionNode = FALSE
	EndGlobalSection
	GlobalSection(ExtensibilityGlobals) = postSolution
		SolutionGuid = {70B51022-6A15-4607-A768-2491814E625C}
	EndGlobalSection
EndGlobal
